
Microsoft Visual Studio Solution File, Format Version 12.00
# Visual Studio Version 16
VisualStudioVersion = 16.0.31424.327
MinimumVisualStudioVersion = 10.0.40219.1
Project("{FAE04EC0-301F-11D3-BF4B-00C04F79EFBC}") = "Lab5_1", "Lab5_1\Lab5_1.csproj", "{B3248B9C-67E4-4C54-9428-02497B2CEB3D}"
EndProject
Project("{2150E333-8FDC-42A3-9474-1A3956D46DE8}") = "Solution Items", "Solution Items", "{B319437C-14A5-4C4B-9A89-8C98E6BD9C78}"
	ProjectSection(SolutionItems) = preProject
		.gitignore = .gitignore
	EndProjectSection
EndProject
Global
	GlobalSection(SolutionConfigurationPlatforms) = preSolution
		Debug|Any CPU = Debug|Any CPU
		Release|Any CPU = Release|Any CPU
	EndGlobalSection
	GlobalSection(ProjectConfigurationPlatforms) = postSolution
		{B3248B9C-67E4-4C54-9428-02497B2CEB3D}.Debug|Any CPU.ActiveCfg = Debug|Any CPU
		{B3248B9C-67E4-4C54-9428-02497B2CEB3D}.Debug|Any CPU.Build.0 = Debug|Any CPU
		{B3248B9C-67E4-4C54-9428-02497B2CEB3D}.Release|Any CPU.ActiveCfg = Release|Any CPU
		{B3248B9C-67E4-4C54-9428-02497B2CEB3D}.Release|Any CPU.Build.0 = Release|Any CPU
	EndGlobalSection
	GlobalSection(SolutionProperties) = preSolution
		HideSolutionNode = FALSE
	EndGlobalSection
	GlobalSection(ExtensibilityGlobals) = postSolution
		SolutionGuid = {1EFC47A2-6E31-413F-BC41-33E1C2B8F030}
	EndGlobalSection
EndGlobal
